
Microsoft Visual Studio Solution File, Format Version 12.00
# Visual Studio Version 17
VisualStudioVersion = 17.4.33403.182
MinimumVisualStudioVersion = 10.0.40219.1
Project("{9A19103F-16F7-4668-BE54-9A1E7A4F7556}") = "db-deploy", "db-deploy.csproj", "{A14AF240-A1A6-4399-B48C-8AEC9A661C7E}"
EndProject
Global
	GlobalSection(SolutionConfigurationPlatforms) = preSolution
		Debug|Any CPU = Debug|Any CPU
		Release|Any CPU = Release|Any CPU
	EndGlobalSection
	GlobalSection(ProjectConfigurationPlatforms) = postSolution
		{A14AF240-A1A6-4399-B48C-8AEC9A661C7E}.Debug|Any CPU.ActiveCfg = Debug|Any CPU
		{A14AF240-A1A6-4399-B48C-8AEC9A661C7E}.Debug|Any CPU.Build.0 = Debug|Any CPU
		{A14AF240-A1A6-4399-B48C-8AEC9A661C7E}.Release|Any CPU.ActiveCfg = Release|Any CPU
		{A14AF240-A1A6-4399-B48C-8AEC9A661C7E}.Release|Any CPU.Build.0 = Release|Any CPU
	EndGlobalSection
	GlobalSection(SolutionProperties) = preSolution
		HideSolutionNode = FALSE
	EndGlobalSection
	GlobalSection(ExtensibilityGlobals) = postSolution
		SolutionGuid = {73C487C0-50BB-4DFE-ADB6-FB503901CA54}
	EndGlobalSection
EndGlobal
